
Microsoft Visual Studio Solution File, Format Version 12.00
# Visual Studio Version 17
VisualStudioVersion = 17.8.34330.188
MinimumVisualStudioVersion = 10.0.40219.1
Project("{9A19103F-16F7-4668-BE54-9A1E7A4F7556}") = "PersonApi", "PersonApi\PersonApi.csproj", "{7083CC0D-1642-43CD-ABFF-5DA21634295D}"
EndProject
Project("{9A19103F-16F7-4668-BE54-9A1E7A4F7556}") = "ConsumePersonApi", "ConsumePersonApi\ConsumePersonApi.csproj", "{D70655DC-EC82-407F-B5B3-44F6E424E385}"
EndProject
Project("{FAE04EC0-301F-11D3-BF4B-00C04F79EFBC}") = "PersonApiDAL", "PersonApiDAL\PersonApiDAL.csproj", "{91157C35-CE9B-404D-B0FE-3793EFB618CF}"
EndProject
Global
	GlobalSection(SolutionConfigurationPlatforms) = preSolution
		Debug|Any CPU = Debug|Any CPU
		Release|Any CPU = Release|Any CPU
	EndGlobalSection
	GlobalSection(ProjectConfigurationPlatforms) = postSolution
		{7083CC0D-1642-43CD-ABFF-5DA21634295D}.Debug|Any CPU.ActiveCfg = Debug|Any CPU
		{7083CC0D-1642-43CD-ABFF-5DA21634295D}.Debug|Any CPU.Build.0 = Debug|Any CPU
		{7083CC0D-1642-43CD-ABFF-5DA21634295D}.Release|Any CPU.ActiveCfg = Release|Any CPU
		{7083CC0D-1642-43CD-ABFF-5DA21634295D}.Release|Any CPU.Build.0 = Release|Any CPU
		{D70655DC-EC82-407F-B5B3-44F6E424E385}.Debug|Any CPU.ActiveCfg = Debug|Any CPU
		{D70655DC-EC82-407F-B5B3-44F6E424E385}.Debug|Any CPU.Build.0 = Debug|Any CPU
		{D70655DC-EC82-407F-B5B3-44F6E424E385}.Release|Any CPU.ActiveCfg = Release|Any CPU
		{D70655DC-EC82-407F-B5B3-44F6E424E385}.Release|Any CPU.Build.0 = Release|Any CPU
		{91157C35-CE9B-404D-B0FE-3793EFB618CF}.Debug|Any CPU.ActiveCfg = Debug|Any CPU
		{91157C35-CE9B-404D-B0FE-3793EFB618CF}.Debug|Any CPU.Build.0 = Debug|Any CPU
		{91157C35-CE9B-404D-B0FE-3793EFB618CF}.Release|Any CPU.ActiveCfg = Release|Any CPU
		{91157C35-CE9B-404D-B0FE-3793EFB618CF}.Release|Any CPU.Build.0 = Release|Any CPU
	EndGlobalSection
	GlobalSection(SolutionProperties) = preSolution
		HideSolutionNode = FALSE
	EndGlobalSection
	GlobalSection(ExtensibilityGlobals) = postSolution
		SolutionGuid = {5F589D95-ECCF-4FEF-BC04-E3BDF0800B92}
	EndGlobalSection
EndGlobal
